// !$*UTF8*$!
{
	archiveVersion = 1;
	classes = {
	};
	objectVersion = 50;
	objects = {

/* Begin PBXBuildFile section */
		849B28E623A3C61C003DB5AE /* AppDelegate.swift in Sources */ = {isa = PBXBuildFile; fileRef = 849B28E523A3C61C003DB5AE /* AppDelegate.swift */; };
		849B28E823A3C61C003DB5AE /* SceneDelegate.swift in Sources */ = {isa = PBXBuildFile; fileRef = 849B28E723A3C61C003DB5AE /* SceneDelegate.swift */; };
		849B28EA23A3C61C003DB5AE /* ViewController.swift in Sources */ = {isa = PBXBuildFile; fileRef = 849B28E923A3C61C003DB5AE /* ViewController.swift */; };
		849B28ED23A3C61C003DB5AE /* Main.storyboard in Resources */ = {isa = PBXBuildFile; fileRef = 849B28EB23A3C61C003DB5AE /* Main.storyboard */; };
		849B28EF23A3C61E003DB5AE /* Assets.xcassets in Resources */ = {isa = PBXBuildFile; fileRef = 849B28EE23A3C61E003DB5AE /* Assets.xcassets */; };
		849B28F223A3C61E003DB5AE /* LaunchScreen.storyboard in Resources */ = {isa = PBXBuildFile; fileRef = 849B28F023A3C61E003DB5AE /* LaunchScreen.storyboard */; };
		849B28FB23A3E236003DB5AE /* DayPlanView.swift in Sources */ = {isa = PBXBuildFile; fileRef = 849B28FA23A3E236003DB5AE /* DayPlanView.swift */; };
/* End PBXBuildFile section */

/* Begin PBXFileReference section */
		849B28E223A3C61C003DB5AE /* DayPlanDemo.app */ = {isa = PBXFileReference; explicitFileType = wrapper.application; includeInIndex = 0; path = DayPlanDemo.app; sourceTree = BUILT_PRODUCTS_DIR; };
		849B28E523A3C61C003DB5AE /* AppDelegate.swift */ = {isa = PBXFileReference; lastKnownFileType = sourcecode.swift; path = AppDelegate.swift; sourceTree = "<group>"; };
		849B28E723A3C61C003DB5AE /* SceneDelegate.swift */ = {isa = PBXFileReference; lastKnownFileType = sourcecode.swift; path = SceneDelegate.swift; sourceTree = "<group>"; };
		849B28E923A3C61C003DB5AE /* ViewController.swift */ = {isa = PBXFileReference; lastKnownFileType = sourcecode.swift; path = ViewController.swift; sourceTree = "<group>"; };
		849B28EC23A3C61C003DB5AE /* Base */ = {isa = PBXFileReference; lastKnownFileType = file.storyboard; name = Base; path = Base.lproj/Main.storyboard; sourceTree = "<group>"; };
		849B28EE23A3C61E003DB5AE /* Assets.xcassets */ = {isa = PBXFileReference; lastKnownFileType = folder.assetcatalog; path = Assets.xcassets; sourceTree = "<group>"; };
		849B28F123A3C61E003DB5AE /* Base */ = {isa = PBXFileReference; lastKnownFileType = file.storyboard; name = Base; path = Base.lproj/LaunchScreen.storyboard; sourceTree = "<group>"; };
		849B28F323A3C61E003DB5AE /* Info.plist */ = {isa = PBXFileReference; lastKnownFileType = text.plist.xml; path = Info.plist; sourceTree = "<group>"; };
		849B28FA23A3E236003DB5AE /* DayPlanView.swift */ = {isa = PBXFileReference; lastKnownFileType = sourcecode.swift; path = DayPlanView.swift; sourceTree = "<group>"; };
/* End PBXFileReference section */

/* Begin PBXFrameworksBuildPhase section */
		849B28DF23A3C61C003DB5AE /* Frameworks */ = {
			isa = PBXFrameworksBuildPhase;
			buildActionMask = 2147483647;
			files = (
			);
			runOnlyForDeploymentPostprocessing = 0;
		};
/* End PBXFrameworksBuildPhase section */

/* Begin PBXGroup section */
		849B28D923A3C61C003DB5AE = {
			isa = PBXGroup;
			children = (
				849B28E423A3C61C003DB5AE /* DayPlanDemo */,
				849B28E323A3C61C003DB5AE /* Products */,
			);
			sourceTree = "<group>";
		};
		849B28E323A3C61C003DB5AE /* Products */ = {
			isa = PBXGroup;
			children = (
				849B28E223A3C61C003DB5AE /* DayPlanDemo.app */,
			);
			name = Products;
			sourceTree = "<group>";
		};
		849B28E423A3C61C003DB5AE /* DayPlanDemo */ = {
			isa = PBXGroup;
			children = (
				849B28F923A3E214003DB5AE /* DayPlanView */,
				849B28E523A3C61C003DB5AE /* AppDelegate.swift */,
				849B28E723A3C61C003DB5AE /* SceneDelegate.swift */,
				849B28E923A3C61C003DB5AE /* ViewController.swift */,
				849B28EB23A3C61C003DB5AE /* Main.storyboard */,
				849B28EE23A3C61E003DB5AE /* Assets.xcassets */,
				849B28F023A3C61E003DB5AE /* LaunchScreen.storyboard */,
				849B28F323A3C61E003DB5AE /* Info.plist */,
			);
			path = DayPlanDemo;
			sourceTree = "<group>";
		};
		849B28F923A3E214003DB5AE /* DayPlanView */ = {
			isa = PBXGroup;
			children = (
				849B28FA23A3E236003DB5AE /* DayPlanView.swift */,
			);
			path = DayPlanView;
			sourceTree = "<group>";
		};
/* End PBXGroup section */

/* Begin PBXNativeTarget section */
		849B28E123A3C61C003DB5AE /* DayPlanDemo */ = {
			isa = PBXNativeTarget;
			buildConfigurationList = 849B28F623A3C61E003DB5AE /* Build configuration list for PBXNativeTarget "DayPlanDemo" */;
			buildPhases = (
				849B28DE23A3C61C003DB5AE /* Sources */,
				849B28DF23A3C61C003DB5AE /* Frameworks */,
				849B28E023A3C61C003DB5AE /* Resources */,
			);
			buildRules = (
			);
			dependencies = (
			);
			name = DayPlanDemo;
			productName = DayPlanDemo;
			productReference = 849B28E223A3C61C003DB5AE /* DayPlanDemo.app */;
			productType = "com.apple.product-type.application";
		};
/* End PBXNativeTarget section */

/* Begin PBXProject section */
		849B28DA23A3C61C003DB5AE /* Project object */ = {
			isa = PBXProject;
			attributes = {
				LastSwiftUpdateCheck = 1100;
				LastUpgradeCheck = 1100;
				ORGANIZATIONNAME = admin;
				TargetAttributes = {
					849B28E123A3C61C003DB5AE = {
						CreatedOnToolsVersion = 11.0;
					};
				};
			};
			buildConfigurationList = 849B28DD23A3C61C003DB5AE /* Build configuration list for PBXProject "DayPlanDemo" */;
			compatibilityVersion = "Xcode 9.3";
			developmentRegion = en;
			hasScannedForEncodings = 0;
			knownRegions = (
				en,
				Base,
			);
			mainGroup = 849B28D923A3C61C003DB5AE;
			productRefGroup = 849B28E323A3C61C003DB5AE /* Products */;
			projectDirPath = "";
			projectRoot = "";
			targets = (
				849B28E123A3C61C003DB5AE /* DayPlanDemo */,
			);
		};
/* End PBXProject section */

/* Begin PBXResourcesBuildPhase section */
		849B28E023A3C61C003DB5AE /* Resources */ = {
			isa = PBXResourcesBuildPhase;
			buildActionMask = 2147483647;
			files = (
				849B28F223A3C61E003DB5AE /* LaunchScreen.storyboard in Resources */,
				849B28EF23A3C61E003DB5AE /* Assets.xcassets in Resources */,
				849B28ED23A3C61C003DB5AE /* Main.storyboard in Resources */,
			);
			runOnlyForDeploymentPostprocessing = 0;
		};
/* End PBXResourcesBuildPhase section */

/* Begin PBXSourcesBuildPhase section */
		849B28DE23A3C61C003DB5AE /* Sources */ = {
			isa = PBXSourcesBuildPhase;
			buildActionMask = 2147483647;
			files = (
				849B28FB23A3E236003DB5AE /* DayPlanView.swift in Sources */,
				849B28EA23A3C61C003DB5AE /* ViewController.swift in Sources */,
				849B28E623A3C61C003DB5AE /* AppDelegate.swift in Sources */,
				849B28E823A3C61C003DB5AE /* SceneDelegate.swift in Sources */,
			);
			runOnlyForDeploymentPostprocessing = 0;
		};
/* End PBXSourcesBuildPhase section */

/* Begin PBXVariantGroup section */
		849B28EB23A3C61C003DB5AE /* Main.storyboard */ = {
			isa = PBXVariantGroup;
			children = (
				849B28EC23A3C61C003DB5AE /* Base */,
			);
			name = Main.storyboard;
			sourceTree = "<group>";
		};
		849B28F023A3C61E003DB5AE /* LaunchScreen.storyboard */ = {
			isa = PBXVariantGroup;
			children = (
				849B28F123A3C61E003DB5AE /* Base */,
			);
			name = LaunchScreen.storyboard;
			sourceTree = "<group>";
		};
/* End PBXVariantGroup section */

/* Begin XCBuildConfiguration section */
		849B28F423A3C61E003DB5AE /* Debug */ = {
			isa = XCBuildConfiguration;
			buildSettings = {
				ALWAYS_SEARCH_USER_PATHS = NO;
				CLANG_ANALYZER_NONNULL = YES;
				CLANG_ANALYZER_NUMBER_OBJECT_CONVERSION = YES_AGGRESSIVE;
				CLANG_CXX_LANGUAGE_STANDARD = "gnu++14";
				CLANG_CXX_LIBRARY = "libc++";
				CLANG_ENABLE_MODULES = YES;
				CLANG_ENABLE_OBJC_ARC = YES;
				CLANG_ENABLE_OBJC_WEAK = YES;
				CLANG_WARN_BLOCK_CAPTURE_AUTORELEASING = YES;
				CLANG_WARN_BOOL_CONVERSION = YES;
				CLANG_WARN_COMMA = YES;
				CLANG_WARN_CONSTANT_CONVERSION = YES;
				CLANG_WARN_DEPRECATED_OBJC_IMPLEMENTATIONS = YES;
				CLANG_WARN_DIRECT_OBJC_ISA_USAGE = YES_ERROR;
				CLANG_WARN_DOCUMENTATION_COMMENTS = YES;
				CLANG_WARN_EMPTY_BODY = YES;
				CLANG_WARN_ENUM_CONVERSION = YES;
				CLANG_WARN_INFINITE_RECURSION = YES;
				CLANG_WARN_INT_CONVERSION = YES;
				CLANG_WARN_NON_LITERAL_NULL_CONVERSION = YES;
				CLANG_WARN_OBJC_IMPLICIT_RETAIN_SELF = YES;
				CLANG_WARN_OBJC_LITERAL_CONVERSION = YES;
				CLANG_WARN_OBJC_ROOT_CLASS = YES_ERROR;
				CLANG_WARN_RANGE_LOOP_ANALYSIS = YES;
				CLANG_WARN_STRICT_PROTOTYPES = YES;
				CLANG_WARN_SUSPICIOUS_MOVE = YES;
				CLANG_WARN_UNGUARDED_AVAILABILITY = YES_AGGRESSIVE;
				CLANG_WARN_UNREACHABLE_CODE = YES;
				CLANG_WARN__DUPLICATE_METHOD_MATCH = YES;
				COPY_PHASE_STRIP = NO;
				DEBUG_INFORMATION_FORMAT = dwarf;
				ENABLE_STRICT_OBJC_MSGSEND = YES;
				ENABLE_TESTABILITY = YES;
				GCC_C_LANGUAGE_STANDARD = gnu11;
				GCC_DYNAMIC_NO_PIC = NO;
				GCC_NO_COMMON_BLOCKS = YES;
				GCC_OPTIMIZATION_LEVEL = 0;
				GCC_PREPROCESSOR_DEFINITIONS = (
					"DEBUG=1",
					"$(inherited)",
				);
				GCC_WARN_64_TO_32_BIT_CONVERSION = YES;
				GCC_WARN_ABOUT_RETURN_TYPE = YES_ERROR;
				GCC_WARN_UNDECLARED_SELECTOR = YES;
				GCC_WARN_UNINITIALIZED_AUTOS = YES_AGGRESSIVE;
				GCC_WARN_UNUSED_FUNCTION = YES;
				GCC_WARN_UNUSED_VARIABLE = YES;
				IPHONEOS_DEPLOYMENT_TARGET = 13.0;
				MTL_ENABLE_DEBUG_INFO = INCLUDE_SOURCE;
				MTL_FAST_MATH = YES;
				ONLY_ACTIVE_ARCH = YES;
				SDKROOT = iphoneos;
				SWIFT_ACTIVE_COMPILATION_CONDITIONS = DEBUG;
				SWIFT_OPTIMIZATION_LEVEL = "-Onone";
			};
			name = Debug;
		};
		849B28F523A3C61E003DB5AE /* Release */ = {
			isa = XCBuildConfiguration;
			buildSettings = {
				ALWAYS_SEARCH_USER_PATHS = NO;
				CLANG_ANALYZER_NONNULL = YES;
				CLANG_ANALYZER_NUMBER_OBJECT_CONVERSION = YES_AGGRESSIVE;
				CLANG_CXX_LANGUAGE_STANDARD = "gnu++14";
				CLANG_CXX_LIBRARY = "libc++";
				CLANG_ENABLE_MODULES = YES;
				CLANG_ENABLE_OBJC_ARC = YES;
				CLANG_ENABLE_OBJC_WEAK = YES;
				CLANG_WARN_BLOCK_CAPTURE_AUTORELEASING = YES;
				CLANG_WARN_BOOL_CONVERSION = YES;
				CLANG_WARN_COMMA = YES;
				CLANG_WARN_CONSTANT_CONVERSION = YES;
				CLANG_WARN_DEPRECATED_OBJC_IMPLEMENTATIONS = YES;
				CLANG_WARN_DIRECT_OBJC_ISA_USAGE = YES_ERROR;
				CLANG_WARN_DOCUMENTATION_COMMENTS = YES;
				CLANG_WARN_EMPTY_BODY = YES;
				CLANG_WARN_ENUM_CONVERSION = YES;
				CLANG_WARN_INFINITE_RECURSION = YES;
				CLANG_WARN_INT_CONVERSION = YES;
				CLANG_WARN_NON_LITERAL_NULL_CONVERSION = YES;
				CLANG_WARN_OBJC_IMPLICIT_RETAIN_SELF = YES;
				CLANG_WARN_OBJC_LITERAL_CONVERSION = YES;
				CLANG_WARN_OBJC_ROOT_CLASS = YES_ERROR;
				CLANG_WARN_RANGE_LOOP_ANALYSIS = YES;
				CLANG_WARN_STRICT_PROTOTYPES = YES;
				CLANG_WARN_SUSPICIOUS_MOVE = YES;
				CLANG_WARN_UNGUARDED_AVAILABILITY = YES_AGGRESSIVE;
				CLANG_WARN_UNREACHABLE_CODE = YES;
				CLANG_WARN__DUPLICATE_METHOD_MATCH = YES;
				COPY_PHASE_STRIP = NO;
				DEBUG_INFORMATION_FORMAT = "dwarf-with-dsym";
				ENABLE_NS_ASSERTIONS = NO;
				ENABLE_STRICT_OBJC_MSGSEND = YES;
				GCC_C_LANGUAGE_STANDARD = gnu11;
				GCC_NO_COMMON_BLOCKS = YES;
				GCC_WARN_64_TO_32_BIT_CONVERSION = YES;
				GCC_WARN_ABOUT_RETURN_TYPE = YES_ERROR;
				GCC_WARN_UNDECLARED_SELECTOR = YES;
				GCC_WARN_UNINITIALIZED_AUTOS = YES_AGGRESSIVE;
				GCC_WARN_UNUSED_FUNCTION = YES;
				GCC_WARN_UNUSED_VARIABLE = YES;
				IPHONEOS_DEPLOYMENT_TARGET = 13.0;
				MTL_ENABLE_DEBUG_INFO = NO;
				MTL_FAST_MATH = YES;
				SDKROOT = iphoneos;
				SWIFT_COMPILATION_MODE = wholemodule;
				SWIFT_OPTIMIZATION_LEVEL = "-O";
				VALIDATE_PRODUCT = YES;
			};
			name = Release;
		};
		849B28F723A3C61E003DB5AE /* Debug */ = {
			isa = XCBuildConfiguration;
			buildSettings = {
				ASSETCATALOG_COMPILER_APPICON_NAME = AppIcon;
				CODE_SIGN_STYLE = Automatic;
				DEVELOPMENT_TEAM = VK395NXJ86;
				INFOPLIST_FILE = DayPlanDemo/Info.plist;
				LD_RUNPATH_SEARCH_PATHS = (
					"$(inherited)",
					"@executable_path/Frameworks",
				);
				PRODUCT_BUNDLE_IDENTIFIER = com.grankinigor.DayPlanDemo;
				PRODUCT_NAME = "$(TARGET_NAME)";
				SWIFT_VERSION = 5.0;
				TARGETED_DEVICE_FAMILY = "1,2";
			};
			name = Debug;
		};
		849B28F823A3C61E003DB5AE /* Release */ = {
			isa = XCBuildConfiguration;
			buildSettings = {
				ASSETCATALOG_COMPILER_APPICON_NAME = AppIcon;
				CODE_SIGN_STYLE = Automatic;
				DEVELOPMENT_TEAM = VK395NXJ86;
				INFOPLIST_FILE = DayPlanDemo/Info.plist;
				LD_RUNPATH_SEARCH_PATHS = (
					"$(inherited)",
					"@executable_path/Frameworks",
				);
				PRODUCT_BUNDLE_IDENTIFIER = com.grankinigor.DayPlanDemo;
				PRODUCT_NAME = "$(TARGET_NAME)";
				SWIFT_VERSION = 5.0;
				TARGETED_DEVICE_FAMILY = "1,2";
			};
			name = Release;
		};
/* End XCBuildConfiguration section */

/* Begin XCConfigurationList section */
		849B28DD23A3C61C003DB5AE /* Build configuration list for PBXProject "DayPlanDemo" */ = {
			isa = XCConfigurationList;
			buildConfigurations = (
				849B28F423A3C61E003DB5AE /* Debug */,
				849B28F523A3C61E003DB5AE /* Release */,
			);
			defaultConfigurationIsVisible = 0;
			defaultConfigurationName = Release;
		};
		849B28F623A3C61E003DB5AE /* Build configuration list for PBXNativeTarget "DayPlanDemo" */ = {
			isa = XCConfigurationList;
			buildConfigurations = (
				849B28F723A3C61E003DB5AE /* Debug */,
				849B28F823A3C61E003DB5AE /* Release */,
			);
			defaultConfigurationIsVisible = 0;
			defaultConfigurationName = Release;
		};
/* End XCConfigurationList section */
	};
	rootObject = 849B28DA23A3C61C003DB5AE /* Project object */;
}
